// !$*UTF8*$!
{
	archiveVersion = 1;
	classes = {
	};
	objectVersion = 46;
	objects = {

/* Begin PBXBuildFile section */
		5B8032FE17170E3D00638E8C /* helloworld.cpp in Sources */ = {isa = PBXBuildFile; fileRef = 5B8032EC17170DF000638E8C /* helloworld.cpp */; };
		5B80330C17170E6200638E8C /* hellogl.cpp in Sources */ = {isa = PBXBuildFile; fileRef = 5B8032EF17170E1100638E8C /* hellogl.cpp */; };
		5B80330E17170E7600638E8C /* OpenGL.framework in Frameworks */ = {isa = PBXBuildFile; fileRef = 5B80330D17170E7600638E8C /* OpenGL.framework */; };
		5B80331017170E7C00638E8C /* GLUT.framework in Frameworks */ = {isa = PBXBuildFile; fileRef = 5B80330F17170E7C00638E8C /* GLUT.framework */; };
		5BF59ABD171845A000682E2C /* MemoryFun.cpp in Sources */ = {isa = PBXBuildFile; fileRef = 5BF59ABA171845A000682E2C /* MemoryFun.cpp */; };
		5BF59ABE171845A000682E2C /* Timer.cpp in Sources */ = {isa = PBXBuildFile; fileRef = 5BF59ABB171845A000682E2C /* Timer.cpp */; };
/* End PBXBuildFile section */

/* Begin PBXCopyFilesBuildPhase section */
		5B8032F317170E2600638E8C /* CopyFiles */ = {
			isa = PBXCopyFilesBuildPhase;
			buildActionMask = 2147483647;
			dstPath = /usr/share/man/man1/;
			dstSubfolderSpec = 0;
			files = (
			);
			runOnlyForDeploymentPostprocessing = 1;
		};
		5B80330117170E5400638E8C /* CopyFiles */ = {
			isa = PBXCopyFilesBuildPhase;
			buildActionMask = 2147483647;
			dstPath = /usr/share/man/man1/;
			dstSubfolderSpec = 0;
			files = (
			);
			runOnlyForDeploymentPostprocessing = 1;
		};
		5BF59AAE1718454B00682E2C /* CopyFiles */ = {
			isa = PBXCopyFilesBuildPhase;
			buildActionMask = 2147483647;
			dstPath = /usr/share/man/man1/;
			dstSubfolderSpec = 0;
			files = (
			);
			runOnlyForDeploymentPostprocessing = 1;
		};
/* End PBXCopyFilesBuildPhase section */

/* Begin PBXFileReference section */
		5B8032EC17170DF000638E8C /* helloworld.cpp */ = {isa = PBXFileReference; fileEncoding = 4; lastKnownFileType = sourcecode.cpp.cpp; path = helloworld.cpp; sourceTree = "<group>"; };
		5B8032EF17170E1100638E8C /* hellogl.cpp */ = {isa = PBXFileReference; fileEncoding = 4; lastKnownFileType = sourcecode.cpp.cpp; path = hellogl.cpp; sourceTree = "<group>"; };
		5B8032F517170E2600638E8C /* helloworld */ = {isa = PBXFileReference; explicitFileType = "compiled.mach-o.executable"; includeInIndex = 0; path = helloworld; sourceTree = BUILT_PRODUCTS_DIR; };
		5B80330317170E5400638E8C /* hellogl */ = {isa = PBXFileReference; explicitFileType = "compiled.mach-o.executable"; includeInIndex = 0; path = hellogl; sourceTree = BUILT_PRODUCTS_DIR; };
		5B80330D17170E7600638E8C /* OpenGL.framework */ = {isa = PBXFileReference; lastKnownFileType = wrapper.framework; name = OpenGL.framework; path = System/Library/Frameworks/OpenGL.framework; sourceTree = SDKROOT; };
		5B80330F17170E7C00638E8C /* GLUT.framework */ = {isa = PBXFileReference; lastKnownFileType = wrapper.framework; name = GLUT.framework; path = System/Library/Frameworks/GLUT.framework; sourceTree = SDKROOT; };
		5BF59AB01718454B00682E2C /* memoryfun */ = {isa = PBXFileReference; explicitFileType = "compiled.mach-o.executable"; includeInIndex = 0; path = memoryfun; sourceTree = BUILT_PRODUCTS_DIR; };
		5BF59ABA171845A000682E2C /* MemoryFun.cpp */ = {isa = PBXFileReference; fileEncoding = 4; lastKnownFileType = sourcecode.cpp.cpp; path = MemoryFun.cpp; sourceTree = "<group>"; };
		5BF59ABB171845A000682E2C /* Timer.cpp */ = {isa = PBXFileReference; fileEncoding = 4; lastKnownFileType = sourcecode.cpp.cpp; path = Timer.cpp; sourceTree = "<group>"; };
		5BF59ABC171845A000682E2C /* Timer.hpp */ = {isa = PBXFileReference; fileEncoding = 4; lastKnownFileType = sourcecode.cpp.h; path = Timer.hpp; sourceTree = "<group>"; };
/* End PBXFileReference section */

/* Begin PBXFrameworksBuildPhase section */
		5B8032F217170E2600638E8C /* Frameworks */ = {
			isa = PBXFrameworksBuildPhase;
			buildActionMask = 2147483647;
			files = (
			);
			runOnlyForDeploymentPostprocessing = 0;
		};
		5B80330017170E5400638E8C /* Frameworks */ = {
			isa = PBXFrameworksBuildPhase;
			buildActionMask = 2147483647;
			files = (
				5B80331017170E7C00638E8C /* GLUT.framework in Frameworks */,
				5B80330E17170E7600638E8C /* OpenGL.framework in Frameworks */,
			);
			runOnlyForDeploymentPostprocessing = 0;
		};
		5BF59AAD1718454B00682E2C /* Frameworks */ = {
			isa = PBXFrameworksBuildPhase;
			buildActionMask = 2147483647;
			files = (
			);
			runOnlyForDeploymentPostprocessing = 0;
		};
/* End PBXFrameworksBuildPhase section */

/* Begin PBXGroup section */
		5B8032D617170DD600638E8C = {
			isa = PBXGroup;
			children = (
				5BF59AB91718458000682E2C /* memoryfun */,
				5B80330F17170E7C00638E8C /* GLUT.framework */,
				5B80330D17170E7600638E8C /* OpenGL.framework */,
				5B8032EE17170DFC00638E8C /* hellogl */,
				5B8032EB17170DDF00638E8C /* helloworld */,
				5B8032E017170DD600638E8C /* Products */,
			);
			sourceTree = "<group>";
		};
		5B8032E017170DD600638E8C /* Products */ = {
			isa = PBXGroup;
			children = (
				5B8032F517170E2600638E8C /* helloworld */,
				5B80330317170E5400638E8C /* hellogl */,
				5BF59AB01718454B00682E2C /* memoryfun */,
			);
			name = Products;
			sourceTree = "<group>";
		};
		5B8032EB17170DDF00638E8C /* helloworld */ = {
			isa = PBXGroup;
			children = (
				5B8032EC17170DF000638E8C /* helloworld.cpp */,
			);
			name = helloworld;
			sourceTree = "<group>";
		};
		5B8032EE17170DFC00638E8C /* hellogl */ = {
			isa = PBXGroup;
			children = (
				5B8032EF17170E1100638E8C /* hellogl.cpp */,
			);
			name = hellogl;
			sourceTree = "<group>";
		};
		5BF59AB91718458000682E2C /* memoryfun */ = {
			isa = PBXGroup;
			children = (
				5BF59ABA171845A000682E2C /* MemoryFun.cpp */,
				5BF59ABB171845A000682E2C /* Timer.cpp */,
				5BF59ABC171845A000682E2C /* Timer.hpp */,
			);
			name = memoryfun;
			sourceTree = "<group>";
		};
/* End PBXGroup section */

/* Begin PBXNativeTarget section */
		5B8032F417170E2600638E8C /* helloworld */ = {
			isa = PBXNativeTarget;
			buildConfigurationList = 5B8032FB17170E2600638E8C /* Build configuration list for PBXNativeTarget "helloworld" */;
			buildPhases = (
				5B8032F117170E2600638E8C /* Sources */,
				5B8032F217170E2600638E8C /* Frameworks */,
				5B8032F317170E2600638E8C /* CopyFiles */,
			);
			buildRules = (
			);
			dependencies = (
			);
			name = helloworld;
			productName = helloworld;
			productReference = 5B8032F517170E2600638E8C /* helloworld */;
			productType = "com.apple.product-type.tool";
		};
		5B80330217170E5400638E8C /* hellogl */ = {
			isa = PBXNativeTarget;
			buildConfigurationList = 5B80330917170E5400638E8C /* Build configuration list for PBXNativeTarget "hellogl" */;
			buildPhases = (
				5B8032FF17170E5400638E8C /* Sources */,
				5B80330017170E5400638E8C /* Frameworks */,
				5B80330117170E5400638E8C /* CopyFiles */,
			);
			buildRules = (
			);
			dependencies = (
			);
			name = hellogl;
			productName = hellogl;
			productReference = 5B80330317170E5400638E8C /* hellogl */;
			productType = "com.apple.product-type.tool";
		};
		5BF59AAF1718454B00682E2C /* memoryfun */ = {
			isa = PBXNativeTarget;
			buildConfigurationList = 5BF59AB81718454B00682E2C /* Build configuration list for PBXNativeTarget "memoryfun" */;
			buildPhases = (
				5BF59AAC1718454B00682E2C /* Sources */,
				5BF59AAD1718454B00682E2C /* Frameworks */,
				5BF59AAE1718454B00682E2C /* CopyFiles */,
			);
			buildRules = (
			);
			dependencies = (
			);
			name = memoryfun;
			productName = memoryfun;
			productReference = 5BF59AB01718454B00682E2C /* memoryfun */;
			productType = "com.apple.product-type.tool";
		};
/* End PBXNativeTarget section */

/* Begin PBXProject section */
		5B8032D717170DD600638E8C /* Project object */ = {
			isa = PBXProject;
			attributes = {
				LastUpgradeCheck = 0460;
				ORGANIZATIONNAME = "Martin Knoll";
			};
			buildConfigurationList = 5B8032DA17170DD600638E8C /* Build configuration list for PBXProject "cg" */;
			compatibilityVersion = "Xcode 3.2";
			developmentRegion = English;
			hasScannedForEncodings = 0;
			knownRegions = (
				en,
			);
			mainGroup = 5B8032D617170DD600638E8C;
			productRefGroup = 5B8032E017170DD600638E8C /* Products */;
			projectDirPath = "";
			projectRoot = "";
			targets = (
				5B8032F417170E2600638E8C /* helloworld */,
				5B80330217170E5400638E8C /* hellogl */,
				5BF59AAF1718454B00682E2C /* memoryfun */,
			);
		};
/* End PBXProject section */

/* Begin PBXSourcesBuildPhase section */
		5B8032F117170E2600638E8C /* Sources */ = {
			isa = PBXSourcesBuildPhase;
			buildActionMask = 2147483647;
			files = (
				5B8032FE17170E3D00638E8C /* helloworld.cpp in Sources */,
			);
			runOnlyForDeploymentPostprocessing = 0;
		};
		5B8032FF17170E5400638E8C /* Sources */ = {
			isa = PBXSourcesBuildPhase;
			buildActionMask = 2147483647;
			files = (
				5B80330C17170E6200638E8C /* hellogl.cpp in Sources */,
			);
			runOnlyForDeploymentPostprocessing = 0;
		};
		5BF59AAC1718454B00682E2C /* Sources */ = {
			isa = PBXSourcesBuildPhase;
			buildActionMask = 2147483647;
			files = (
				5BF59ABD171845A000682E2C /* MemoryFun.cpp in Sources */,
				5BF59ABE171845A000682E2C /* Timer.cpp in Sources */,
			);
			runOnlyForDeploymentPostprocessing = 0;
		};
/* End PBXSourcesBuildPhase section */

/* Begin XCBuildConfiguration section */
		5B8032E617170DD600638E8C /* Debug */ = {
			isa = XCBuildConfiguration;
			buildSettings = {
				ALWAYS_SEARCH_USER_PATHS = NO;
				ARCHS = "$(ARCHS_STANDARD_64_BIT)";
				CLANG_CXX_LANGUAGE_STANDARD = "gnu++0x";
				CLANG_CXX_LIBRARY = "libc++";
				CLANG_ENABLE_OBJC_ARC = YES;
				CLANG_WARN_CONSTANT_CONVERSION = YES;
				CLANG_WARN_EMPTY_BODY = YES;
				CLANG_WARN_ENUM_CONVERSION = YES;
				CLANG_WARN_INT_CONVERSION = YES;
				CLANG_WARN__DUPLICATE_METHOD_MATCH = YES;
				COPY_PHASE_STRIP = NO;
				GCC_C_LANGUAGE_STANDARD = gnu99;
				GCC_DYNAMIC_NO_PIC = NO;
				GCC_ENABLE_OBJC_EXCEPTIONS = YES;
				GCC_OPTIMIZATION_LEVEL = 0;
				GCC_PREPROCESSOR_DEFINITIONS = (
					"DEBUG=1",
					"$(inherited)",
				);
				GCC_SYMBOLS_PRIVATE_EXTERN = NO;
				GCC_WARN_64_TO_32_BIT_CONVERSION = YES;
				GCC_WARN_ABOUT_RETURN_TYPE = YES;
				GCC_WARN_UNINITIALIZED_AUTOS = YES;
				GCC_WARN_UNUSED_VARIABLE = YES;
				MACOSX_DEPLOYMENT_TARGET = 10.8;
				ONLY_ACTIVE_ARCH = YES;
				SDKROOT = macosx;
			};
			name = Debug;
		};
		5B8032E717170DD600638E8C /* Release */ = {
			isa = XCBuildConfiguration;
			buildSettings = {
				ALWAYS_SEARCH_USER_PATHS = NO;
				ARCHS = "$(ARCHS_STANDARD_64_BIT)";
				CLANG_CXX_LANGUAGE_STANDARD = "gnu++0x";
				CLANG_CXX_LIBRARY = "libc++";
				CLANG_ENABLE_OBJC_ARC = YES;
				CLANG_WARN_CONSTANT_CONVERSION = YES;
				CLANG_WARN_EMPTY_BODY = YES;
				CLANG_WARN_ENUM_CONVERSION = YES;
				CLANG_WARN_INT_CONVERSION = YES;
				CLANG_WARN__DUPLICATE_METHOD_MATCH = YES;
				COPY_PHASE_STRIP = YES;
				DEBUG_INFORMATION_FORMAT = "dwarf-with-dsym";
				GCC_C_LANGUAGE_STANDARD = gnu99;
				GCC_ENABLE_OBJC_EXCEPTIONS = YES;
				GCC_WARN_64_TO_32_BIT_CONVERSION = YES;
				GCC_WARN_ABOUT_RETURN_TYPE = YES;
				GCC_WARN_UNINITIALIZED_AUTOS = YES;
				GCC_WARN_UNUSED_VARIABLE = YES;
				MACOSX_DEPLOYMENT_TARGET = 10.8;
				SDKROOT = macosx;
			};
			name = Release;
		};
		5B8032FC17170E2600638E8C /* Debug */ = {
			isa = XCBuildConfiguration;
			buildSettings = {
				PRODUCT_NAME = "$(TARGET_NAME)";
			};
			name = Debug;
		};
		5B8032FD17170E2600638E8C /* Release */ = {
			isa = XCBuildConfiguration;
			buildSettings = {
				PRODUCT_NAME = "$(TARGET_NAME)";
			};
			name = Release;
		};
		5B80330A17170E5400638E8C /* Debug */ = {
			isa = XCBuildConfiguration;
			buildSettings = {
				PRODUCT_NAME = "$(TARGET_NAME)";
			};
			name = Debug;
		};
		5B80330B17170E5400638E8C /* Release */ = {
			isa = XCBuildConfiguration;
			buildSettings = {
				PRODUCT_NAME = "$(TARGET_NAME)";
			};
			name = Release;
		};
		5BF59AB61718454B00682E2C /* Debug */ = {
			isa = XCBuildConfiguration;
			buildSettings = {
				PRODUCT_NAME = "$(TARGET_NAME)";
			};
			name = Debug;
		};
		5BF59AB71718454B00682E2C /* Release */ = {
			isa = XCBuildConfiguration;
			buildSettings = {
				PRODUCT_NAME = "$(TARGET_NAME)";
			};
			name = Release;
		};
/* End XCBuildConfiguration section */

/* Begin XCConfigurationList section */
		5B8032DA17170DD600638E8C /* Build configuration list for PBXProject "cg" */ = {
			isa = XCConfigurationList;
			buildConfigurations = (
				5B8032E617170DD600638E8C /* Debug */,
				5B8032E717170DD600638E8C /* Release */,
			);
			defaultConfigurationIsVisible = 0;
			defaultConfigurationName = Release;
		};
		5B8032FB17170E2600638E8C /* Build configuration list for PBXNativeTarget "helloworld" */ = {
			isa = XCConfigurationList;
			buildConfigurations = (
				5B8032FC17170E2600638E8C /* Debug */,
				5B8032FD17170E2600638E8C /* Release */,
			);
			defaultConfigurationIsVisible = 0;
			defaultConfigurationName = Release;
		};
		5B80330917170E5400638E8C /* Build configuration list for PBXNativeTarget "hellogl" */ = {
			isa = XCConfigurationList;
			buildConfigurations = (
				5B80330A17170E5400638E8C /* Debug */,
				5B80330B17170E5400638E8C /* Release */,
			);
			defaultConfigurationIsVisible = 0;
			defaultConfigurationName = Release;
		};
		5BF59AB81718454B00682E2C /* Build configuration list for PBXNativeTarget "memoryfun" */ = {
			isa = XCConfigurationList;
			buildConfigurations = (
				5BF59AB61718454B00682E2C /* Debug */,
				5BF59AB71718454B00682E2C /* Release */,
			);
			defaultConfigurationIsVisible = 0;
		};
/* End XCConfigurationList section */
	};
	rootObject = 5B8032D717170DD600638E8C /* Project object */;
}
