// !$*UTF8*$!
{
	archiveVersion = 1;
	classes = {
	};
	objectVersion = 46;
	objects = {

/* Begin PBXBuildFile section */
		5B224E9D171FD46F006BFFE2 /* example01.cpp in Sources */ = {isa = PBXBuildFile; fileRef = 5B224E9C171FD46F006BFFE2 /* example01.cpp */; };
		5B224E9E171FD47E006BFFE2 /* example01.cpp in Sources */ = {isa = PBXBuildFile; fileRef = 5B224E9C171FD46F006BFFE2 /* example01.cpp */; };
		5B224EC9171FD745006BFFE2 /* Camera.cpp in Sources */ = {isa = PBXBuildFile; fileRef = 5B224EAD171FD745006BFFE2 /* Camera.cpp */; };
		5B224ECA171FD745006BFFE2 /* ConstantMaterial.cpp in Sources */ = {isa = PBXBuildFile; fileRef = 5B224EAF171FD745006BFFE2 /* ConstantMaterial.cpp */; };
		5B224ECB171FD745006BFFE2 /* Image.cpp in Sources */ = {isa = PBXBuildFile; fileRef = 5B224EB1171FD745006BFFE2 /* Image.cpp */; };
		5B224ECC171FD745006BFFE2 /* Light.cpp in Sources */ = {isa = PBXBuildFile; fileRef = 5B224EB3171FD745006BFFE2 /* Light.cpp */; };
		5B224ECD171FD745006BFFE2 /* PerspectiveCamera.cpp in Sources */ = {isa = PBXBuildFile; fileRef = 5B224EB8171FD745006BFFE2 /* PerspectiveCamera.cpp */; };
		5B224ECE171FD745006BFFE2 /* Plane.cpp in Sources */ = {isa = PBXBuildFile; fileRef = 5B224EBA171FD745006BFFE2 /* Plane.cpp */; };
		5B224ECF171FD745006BFFE2 /* Raytracer.cpp in Sources */ = {isa = PBXBuildFile; fileRef = 5B224EBD171FD745006BFFE2 /* Raytracer.cpp */; };
		5B224ED0171FD745006BFFE2 /* Renderable.cpp in Sources */ = {isa = PBXBuildFile; fileRef = 5B224EBF171FD745006BFFE2 /* Renderable.cpp */; };
		5B224ED1171FD745006BFFE2 /* Scene.cpp in Sources */ = {isa = PBXBuildFile; fileRef = 5B224EC1171FD745006BFFE2 /* Scene.cpp */; };
		5B224ED2171FD745006BFFE2 /* Sphere.cpp in Sources */ = {isa = PBXBuildFile; fileRef = 5B224EC3171FD745006BFFE2 /* Sphere.cpp */; };
		5B224ED3171FD745006BFFE2 /* Triangle.cpp in Sources */ = {isa = PBXBuildFile; fileRef = 5B224EC5171FD745006BFFE2 /* Triangle.cpp */; };
		5B224ED7171FD8BD006BFFE2 /* Timer.cpp in Sources */ = {isa = PBXBuildFile; fileRef = 5B224ED5171FD8BD006BFFE2 /* Timer.cpp */; };
		5B224ED8171FD8EF006BFFE2 /* Timer.cpp in Sources */ = {isa = PBXBuildFile; fileRef = 5B224ED5171FD8BD006BFFE2 /* Timer.cpp */; };
		5B3A65551732A10200FD1E12 /* BezierPatchMesh.cpp in Sources */ = {isa = PBXBuildFile; fileRef = 5B3A654A1732A10100FD1E12 /* BezierPatchMesh.cpp */; };
		5B3A65561732A10200FD1E12 /* CheckerMaterial.cpp in Sources */ = {isa = PBXBuildFile; fileRef = 5B3A654C1732A10100FD1E12 /* CheckerMaterial.cpp */; };
		5B3A65571732A10200FD1E12 /* DiffuseMaterial.cpp in Sources */ = {isa = PBXBuildFile; fileRef = 5B3A654F1732A10100FD1E12 /* DiffuseMaterial.cpp */; };
		5B3A65581732A10200FD1E12 /* TriangleMesh.cpp in Sources */ = {isa = PBXBuildFile; fileRef = 5B3A65521732A10100FD1E12 /* TriangleMesh.cpp */; };
		5B58F817174E4EE3008A3AB9 /* BoundingBox.cpp in Sources */ = {isa = PBXBuildFile; fileRef = 5B58F80A174E4EE3008A3AB9 /* BoundingBox.cpp */; };
		5B58F818174E4EE3008A3AB9 /* BVHIndexedTriangleMesh.cpp in Sources */ = {isa = PBXBuildFile; fileRef = 5B58F80C174E4EE3008A3AB9 /* BVHIndexedTriangleMesh.cpp */; };
		5B58F819174E4EE3008A3AB9 /* BVTree.cpp in Sources */ = {isa = PBXBuildFile; fileRef = 5B58F80E174E4EE3008A3AB9 /* BVTree.cpp */; };
		5B58F81A174E4EE3008A3AB9 /* IndexedTriangleIO.cpp in Sources */ = {isa = PBXBuildFile; fileRef = 5B58F810174E4EE3008A3AB9 /* IndexedTriangleIO.cpp */; };
		5B58F81B174E4EE3008A3AB9 /* IndexedTriangleMesh.cpp in Sources */ = {isa = PBXBuildFile; fileRef = 5B58F812174E4EE3008A3AB9 /* IndexedTriangleMesh.cpp */; };
		5B58F81C174E4EE3008A3AB9 /* PhongMaterial.cpp in Sources */ = {isa = PBXBuildFile; fileRef = 5B58F814174E4EE3008A3AB9 /* PhongMaterial.cpp */; };
		5B58F81D174E4EE3008A3AB9 /* VC-CG_test_raytracer_task3.cpp in Sources */ = {isa = PBXBuildFile; fileRef = 5B58F816174E4EE3008A3AB9 /* VC-CG_test_raytracer_task3.cpp */; };
		5B8032FE17170E3D00638E8C /* helloworld.cpp in Sources */ = {isa = PBXBuildFile; fileRef = 5B8032EC17170DF000638E8C /* helloworld.cpp */; };
		5B80330C17170E6200638E8C /* hellogl.cpp in Sources */ = {isa = PBXBuildFile; fileRef = 5B8032EF17170E1100638E8C /* hellogl.cpp */; };
		5B80330E17170E7600638E8C /* OpenGL.framework in Frameworks */ = {isa = PBXBuildFile; fileRef = 5B80330D17170E7600638E8C /* OpenGL.framework */; };
		5B80331017170E7C00638E8C /* GLUT.framework in Frameworks */ = {isa = PBXBuildFile; fileRef = 5B80330F17170E7C00638E8C /* GLUT.framework */; };
		5BF59ABD171845A000682E2C /* MemoryFun.cpp in Sources */ = {isa = PBXBuildFile; fileRef = 5BF59ABA171845A000682E2C /* MemoryFun.cpp */; };
/* End PBXBuildFile section */

/* Begin PBXCopyFilesBuildPhase section */
		5B224E90171FD421006BFFE2 /* CopyFiles */ = {
			isa = PBXCopyFilesBuildPhase;
			buildActionMask = 2147483647;
			dstPath = /usr/share/man/man1/;
			dstSubfolderSpec = 0;
			files = (
			);
			runOnlyForDeploymentPostprocessing = 1;
		};
		5B224EA1171FD6AF006BFFE2 /* CopyFiles */ = {
			isa = PBXCopyFilesBuildPhase;
			buildActionMask = 2147483647;
			dstPath = /usr/share/man/man1/;
			dstSubfolderSpec = 0;
			files = (
			);
			runOnlyForDeploymentPostprocessing = 1;
		};
		5B8032F317170E2600638E8C /* CopyFiles */ = {
			isa = PBXCopyFilesBuildPhase;
			buildActionMask = 2147483647;
			dstPath = /usr/share/man/man1/;
			dstSubfolderSpec = 0;
			files = (
			);
			runOnlyForDeploymentPostprocessing = 1;
		};
		5B80330117170E5400638E8C /* CopyFiles */ = {
			isa = PBXCopyFilesBuildPhase;
			buildActionMask = 2147483647;
			dstPath = /usr/share/man/man1/;
			dstSubfolderSpec = 0;
			files = (
			);
			runOnlyForDeploymentPostprocessing = 1;
		};
		5BF59AAE1718454B00682E2C /* CopyFiles */ = {
			isa = PBXCopyFilesBuildPhase;
			buildActionMask = 2147483647;
			dstPath = /usr/share/man/man1/;
			dstSubfolderSpec = 0;
			files = (
			);
			runOnlyForDeploymentPostprocessing = 1;
		};
/* End PBXCopyFilesBuildPhase section */

/* Begin PBXFileReference section */
		5B224E92171FD421006BFFE2 /* example01 */ = {isa = PBXFileReference; explicitFileType = "compiled.mach-o.executable"; includeInIndex = 0; path = example01; sourceTree = BUILT_PRODUCTS_DIR; };
		5B224E9C171FD46F006BFFE2 /* example01.cpp */ = {isa = PBXFileReference; fileEncoding = 4; lastKnownFileType = sourcecode.cpp.cpp; path = example01.cpp; sourceTree = "<group>"; };
		5B224EA3171FD6AF006BFFE2 /* raytracer */ = {isa = PBXFileReference; explicitFileType = "compiled.mach-o.executable"; includeInIndex = 0; path = raytracer; sourceTree = BUILT_PRODUCTS_DIR; };
		5B224EAD171FD745006BFFE2 /* Camera.cpp */ = {isa = PBXFileReference; fileEncoding = 4; lastKnownFileType = sourcecode.cpp.cpp; path = Camera.cpp; sourceTree = "<group>"; };
		5B224EAE171FD745006BFFE2 /* Camera.hpp */ = {isa = PBXFileReference; fileEncoding = 4; lastKnownFileType = sourcecode.cpp.h; path = Camera.hpp; sourceTree = "<group>"; };
		5B224EAF171FD745006BFFE2 /* ConstantMaterial.cpp */ = {isa = PBXFileReference; fileEncoding = 4; lastKnownFileType = sourcecode.cpp.cpp; path = ConstantMaterial.cpp; sourceTree = "<group>"; };
		5B224EB0171FD745006BFFE2 /* ConstantMaterial.hpp */ = {isa = PBXFileReference; fileEncoding = 4; lastKnownFileType = sourcecode.cpp.h; path = ConstantMaterial.hpp; sourceTree = "<group>"; };
		5B224EB1171FD745006BFFE2 /* Image.cpp */ = {isa = PBXFileReference; fileEncoding = 4; lastKnownFileType = sourcecode.cpp.cpp; path = Image.cpp; sourceTree = "<group>"; };
		5B224EB2171FD745006BFFE2 /* Image.hpp */ = {isa = PBXFileReference; fileEncoding = 4; lastKnownFileType = sourcecode.cpp.h; path = Image.hpp; sourceTree = "<group>"; };
		5B224EB3171FD745006BFFE2 /* Light.cpp */ = {isa = PBXFileReference; fileEncoding = 4; lastKnownFileType = sourcecode.cpp.cpp; path = Light.cpp; sourceTree = "<group>"; };
		5B224EB4171FD745006BFFE2 /* Light.hpp */ = {isa = PBXFileReference; fileEncoding = 4; lastKnownFileType = sourcecode.cpp.h; path = Light.hpp; sourceTree = "<group>"; };
		5B224EB5171FD745006BFFE2 /* Material.hpp */ = {isa = PBXFileReference; fileEncoding = 4; lastKnownFileType = sourcecode.cpp.h; path = Material.hpp; sourceTree = "<group>"; };
		5B224EB6171FD745006BFFE2 /* Math.hpp */ = {isa = PBXFileReference; fileEncoding = 4; lastKnownFileType = sourcecode.cpp.h; path = Math.hpp; sourceTree = "<group>"; };
		5B224EB7171FD745006BFFE2 /* Matrix.hpp */ = {isa = PBXFileReference; fileEncoding = 4; lastKnownFileType = sourcecode.cpp.h; path = Matrix.hpp; sourceTree = "<group>"; };
		5B224EB8171FD745006BFFE2 /* PerspectiveCamera.cpp */ = {isa = PBXFileReference; fileEncoding = 4; lastKnownFileType = sourcecode.cpp.cpp; path = PerspectiveCamera.cpp; sourceTree = "<group>"; };
		5B224EB9171FD745006BFFE2 /* PerspectiveCamera.hpp */ = {isa = PBXFileReference; fileEncoding = 4; lastKnownFileType = sourcecode.cpp.h; path = PerspectiveCamera.hpp; sourceTree = "<group>"; };
		5B224EBA171FD745006BFFE2 /* Plane.cpp */ = {isa = PBXFileReference; fileEncoding = 4; lastKnownFileType = sourcecode.cpp.cpp; path = Plane.cpp; sourceTree = "<group>"; };
		5B224EBB171FD745006BFFE2 /* Plane.hpp */ = {isa = PBXFileReference; fileEncoding = 4; lastKnownFileType = sourcecode.cpp.h; path = Plane.hpp; sourceTree = "<group>"; };
		5B224EBC171FD745006BFFE2 /* Ray.hpp */ = {isa = PBXFileReference; fileEncoding = 4; lastKnownFileType = sourcecode.cpp.h; path = Ray.hpp; sourceTree = "<group>"; };
		5B224EBD171FD745006BFFE2 /* Raytracer.cpp */ = {isa = PBXFileReference; fileEncoding = 4; lastKnownFileType = sourcecode.cpp.cpp; path = Raytracer.cpp; sourceTree = "<group>"; };
		5B224EBE171FD745006BFFE2 /* Raytracer.hpp */ = {isa = PBXFileReference; fileEncoding = 4; lastKnownFileType = sourcecode.cpp.h; path = Raytracer.hpp; sourceTree = "<group>"; };
		5B224EBF171FD745006BFFE2 /* Renderable.cpp */ = {isa = PBXFileReference; fileEncoding = 4; lastKnownFileType = sourcecode.cpp.cpp; path = Renderable.cpp; sourceTree = "<group>"; };
		5B224EC0171FD745006BFFE2 /* Renderable.hpp */ = {isa = PBXFileReference; fileEncoding = 4; lastKnownFileType = sourcecode.cpp.h; path = Renderable.hpp; sourceTree = "<group>"; };
		5B224EC1171FD745006BFFE2 /* Scene.cpp */ = {isa = PBXFileReference; fileEncoding = 4; lastKnownFileType = sourcecode.cpp.cpp; path = Scene.cpp; sourceTree = "<group>"; };
		5B224EC2171FD745006BFFE2 /* Scene.hpp */ = {isa = PBXFileReference; fileEncoding = 4; lastKnownFileType = sourcecode.cpp.h; path = Scene.hpp; sourceTree = "<group>"; };
		5B224EC3171FD745006BFFE2 /* Sphere.cpp */ = {isa = PBXFileReference; fileEncoding = 4; lastKnownFileType = sourcecode.cpp.cpp; path = Sphere.cpp; sourceTree = "<group>"; };
		5B224EC4171FD745006BFFE2 /* Sphere.hpp */ = {isa = PBXFileReference; fileEncoding = 4; lastKnownFileType = sourcecode.cpp.h; path = Sphere.hpp; sourceTree = "<group>"; };
		5B224EC5171FD745006BFFE2 /* Triangle.cpp */ = {isa = PBXFileReference; fileEncoding = 4; lastKnownFileType = sourcecode.cpp.cpp; path = Triangle.cpp; sourceTree = "<group>"; };
		5B224EC6171FD745006BFFE2 /* Triangle.hpp */ = {isa = PBXFileReference; fileEncoding = 4; lastKnownFileType = sourcecode.cpp.h; path = Triangle.hpp; sourceTree = "<group>"; };
		5B224EC7171FD745006BFFE2 /* VC-CG_test_raytracer_task1.cpp */ = {isa = PBXFileReference; fileEncoding = 4; lastKnownFileType = sourcecode.cpp.cpp; path = "VC-CG_test_raytracer_task1.cpp"; sourceTree = "<group>"; };
		5B224EC8171FD745006BFFE2 /* Vector.hpp */ = {isa = PBXFileReference; fileEncoding = 4; lastKnownFileType = sourcecode.cpp.h; path = Vector.hpp; sourceTree = "<group>"; };
		5B224ED5171FD8BD006BFFE2 /* Timer.cpp */ = {isa = PBXFileReference; fileEncoding = 4; lastKnownFileType = sourcecode.cpp.cpp; path = Timer.cpp; sourceTree = "<group>"; };
		5B224ED6171FD8BD006BFFE2 /* Timer.hpp */ = {isa = PBXFileReference; fileEncoding = 4; lastKnownFileType = sourcecode.cpp.h; path = Timer.hpp; sourceTree = "<group>"; };
		5B224ED9171FDDD5006BFFE2 /* VC-CG_test_raytracer_task2.tga */ = {isa = PBXFileReference; lastKnownFileType = file; path = "VC-CG_test_raytracer_task2.tga"; sourceTree = "<group>"; };
		5B3A654A1732A10100FD1E12 /* BezierPatchMesh.cpp */ = {isa = PBXFileReference; fileEncoding = 4; lastKnownFileType = sourcecode.cpp.cpp; path = BezierPatchMesh.cpp; sourceTree = "<group>"; };
		5B3A654B1732A10100FD1E12 /* BezierPatchMesh.hpp */ = {isa = PBXFileReference; fileEncoding = 4; lastKnownFileType = sourcecode.cpp.h; path = BezierPatchMesh.hpp; sourceTree = "<group>"; };
		5B3A654C1732A10100FD1E12 /* CheckerMaterial.cpp */ = {isa = PBXFileReference; fileEncoding = 4; lastKnownFileType = sourcecode.cpp.cpp; path = CheckerMaterial.cpp; sourceTree = "<group>"; };
		5B3A654D1732A10100FD1E12 /* CheckerMaterial.hpp */ = {isa = PBXFileReference; fileEncoding = 4; lastKnownFileType = sourcecode.cpp.h; path = CheckerMaterial.hpp; sourceTree = "<group>"; };
		5B3A654E1732A10100FD1E12 /* CMakeLists.txt */ = {isa = PBXFileReference; fileEncoding = 4; lastKnownFileType = text; path = CMakeLists.txt; sourceTree = "<group>"; };
		5B3A654F1732A10100FD1E12 /* DiffuseMaterial.cpp */ = {isa = PBXFileReference; fileEncoding = 4; lastKnownFileType = sourcecode.cpp.cpp; path = DiffuseMaterial.cpp; sourceTree = "<group>"; };
		5B3A65501732A10100FD1E12 /* DiffuseMaterial.hpp */ = {isa = PBXFileReference; fileEncoding = 4; lastKnownFileType = sourcecode.cpp.h; path = DiffuseMaterial.hpp; sourceTree = "<group>"; };
		5B3A65511732A10100FD1E12 /* Intersection.hpp */ = {isa = PBXFileReference; fileEncoding = 4; lastKnownFileType = sourcecode.cpp.h; path = Intersection.hpp; sourceTree = "<group>"; };
		5B3A65521732A10100FD1E12 /* TriangleMesh.cpp */ = {isa = PBXFileReference; fileEncoding = 4; lastKnownFileType = sourcecode.cpp.cpp; path = TriangleMesh.cpp; sourceTree = "<group>"; };
		5B3A65531732A10200FD1E12 /* TriangleMesh.hpp */ = {isa = PBXFileReference; fileEncoding = 4; lastKnownFileType = sourcecode.cpp.h; path = TriangleMesh.hpp; sourceTree = "<group>"; };
		5B3A65541732A10200FD1E12 /* VC-CG_test_raytracer_task2.cpp */ = {isa = PBXFileReference; fileEncoding = 4; lastKnownFileType = sourcecode.cpp.cpp; path = "VC-CG_test_raytracer_task2.cpp"; sourceTree = "<group>"; };
		5B580645174E4FBB008A3AB9 /* VC-CG_test_raytracer_task3.tga */ = {isa = PBXFileReference; lastKnownFileType = file; path = "VC-CG_test_raytracer_task3.tga"; sourceTree = "<group>"; };
		5B58F80A174E4EE3008A3AB9 /* BoundingBox.cpp */ = {isa = PBXFileReference; fileEncoding = 4; lastKnownFileType = sourcecode.cpp.cpp; path = BoundingBox.cpp; sourceTree = "<group>"; };
		5B58F80B174E4EE3008A3AB9 /* BoundingBox.hpp */ = {isa = PBXFileReference; fileEncoding = 4; lastKnownFileType = sourcecode.cpp.h; path = BoundingBox.hpp; sourceTree = "<group>"; };
		5B58F80C174E4EE3008A3AB9 /* BVHIndexedTriangleMesh.cpp */ = {isa = PBXFileReference; fileEncoding = 4; lastKnownFileType = sourcecode.cpp.cpp; path = BVHIndexedTriangleMesh.cpp; sourceTree = "<group>"; };
		5B58F80D174E4EE3008A3AB9 /* BVHIndexedTriangleMesh.hpp */ = {isa = PBXFileReference; fileEncoding = 4; lastKnownFileType = sourcecode.cpp.h; path = BVHIndexedTriangleMesh.hpp; sourceTree = "<group>"; };
		5B58F80E174E4EE3008A3AB9 /* BVTree.cpp */ = {isa = PBXFileReference; fileEncoding = 4; lastKnownFileType = sourcecode.cpp.cpp; path = BVTree.cpp; sourceTree = "<group>"; };
		5B58F80F174E4EE3008A3AB9 /* BVTree.hpp */ = {isa = PBXFileReference; fileEncoding = 4; lastKnownFileType = sourcecode.cpp.h; path = BVTree.hpp; sourceTree = "<group>"; };
		5B58F810174E4EE3008A3AB9 /* IndexedTriangleIO.cpp */ = {isa = PBXFileReference; fileEncoding = 4; lastKnownFileType = sourcecode.cpp.cpp; path = IndexedTriangleIO.cpp; sourceTree = "<group>"; };
		5B58F811174E4EE3008A3AB9 /* IndexedTriangleIO.hpp */ = {isa = PBXFileReference; fileEncoding = 4; lastKnownFileType = sourcecode.cpp.h; path = IndexedTriangleIO.hpp; sourceTree = "<group>"; };
		5B58F812174E4EE3008A3AB9 /* IndexedTriangleMesh.cpp */ = {isa = PBXFileReference; fileEncoding = 4; lastKnownFileType = sourcecode.cpp.cpp; path = IndexedTriangleMesh.cpp; sourceTree = "<group>"; };
		5B58F813174E4EE3008A3AB9 /* IndexedTriangleMesh.hpp */ = {isa = PBXFileReference; fileEncoding = 4; lastKnownFileType = sourcecode.cpp.h; path = IndexedTriangleMesh.hpp; sourceTree = "<group>"; };
		5B58F814174E4EE3008A3AB9 /* PhongMaterial.cpp */ = {isa = PBXFileReference; fileEncoding = 4; lastKnownFileType = sourcecode.cpp.cpp; path = PhongMaterial.cpp; sourceTree = "<group>"; };
		5B58F815174E4EE3008A3AB9 /* PhongMaterial.hpp */ = {isa = PBXFileReference; fileEncoding = 4; lastKnownFileType = sourcecode.cpp.h; path = PhongMaterial.hpp; sourceTree = "<group>"; };
		5B58F816174E4EE3008A3AB9 /* VC-CG_test_raytracer_task3.cpp */ = {isa = PBXFileReference; fileEncoding = 4; lastKnownFileType = sourcecode.cpp.cpp; path = "VC-CG_test_raytracer_task3.cpp"; sourceTree = "<group>"; };
		5B8032EC17170DF000638E8C /* helloworld.cpp */ = {isa = PBXFileReference; fileEncoding = 4; lastKnownFileType = sourcecode.cpp.cpp; path = helloworld.cpp; sourceTree = "<group>"; };
		5B8032EF17170E1100638E8C /* hellogl.cpp */ = {isa = PBXFileReference; fileEncoding = 4; lastKnownFileType = sourcecode.cpp.cpp; path = hellogl.cpp; sourceTree = "<group>"; };
		5B8032F517170E2600638E8C /* helloworld */ = {isa = PBXFileReference; explicitFileType = "compiled.mach-o.executable"; includeInIndex = 0; path = helloworld; sourceTree = BUILT_PRODUCTS_DIR; };
		5B80330317170E5400638E8C /* hellogl */ = {isa = PBXFileReference; explicitFileType = "compiled.mach-o.executable"; includeInIndex = 0; path = hellogl; sourceTree = BUILT_PRODUCTS_DIR; };
		5B80330D17170E7600638E8C /* OpenGL.framework */ = {isa = PBXFileReference; lastKnownFileType = wrapper.framework; name = OpenGL.framework; path = System/Library/Frameworks/OpenGL.framework; sourceTree = SDKROOT; };
		5B80330F17170E7C00638E8C /* GLUT.framework */ = {isa = PBXFileReference; lastKnownFileType = wrapper.framework; name = GLUT.framework; path = System/Library/Frameworks/GLUT.framework; sourceTree = SDKROOT; };
		5BF59AB01718454B00682E2C /* memoryfun */ = {isa = PBXFileReference; explicitFileType = "compiled.mach-o.executable"; includeInIndex = 0; path = memoryfun; sourceTree = BUILT_PRODUCTS_DIR; };
		5BF59ABA171845A000682E2C /* MemoryFun.cpp */ = {isa = PBXFileReference; fileEncoding = 4; lastKnownFileType = sourcecode.cpp.cpp; path = MemoryFun.cpp; sourceTree = "<group>"; };
/* End PBXFileReference section */

/* Begin PBXFrameworksBuildPhase section */
		5B224E8F171FD421006BFFE2 /* Frameworks */ = {
			isa = PBXFrameworksBuildPhase;
			buildActionMask = 2147483647;
			files = (
			);
			runOnlyForDeploymentPostprocessing = 0;
		};
		5B224EA0171FD6AF006BFFE2 /* Frameworks */ = {
			isa = PBXFrameworksBuildPhase;
			buildActionMask = 2147483647;
			files = (
			);
			runOnlyForDeploymentPostprocessing = 0;
		};
		5B8032F217170E2600638E8C /* Frameworks */ = {
			isa = PBXFrameworksBuildPhase;
			buildActionMask = 2147483647;
			files = (
			);
			runOnlyForDeploymentPostprocessing = 0;
		};
		5B80330017170E5400638E8C /* Frameworks */ = {
			isa = PBXFrameworksBuildPhase;
			buildActionMask = 2147483647;
			files = (
				5B80331017170E7C00638E8C /* GLUT.framework in Frameworks */,
				5B80330E17170E7600638E8C /* OpenGL.framework in Frameworks */,
			);
			runOnlyForDeploymentPostprocessing = 0;
		};
		5BF59AAD1718454B00682E2C /* Frameworks */ = {
			isa = PBXFrameworksBuildPhase;
			buildActionMask = 2147483647;
			files = (
			);
			runOnlyForDeploymentPostprocessing = 0;
		};
/* End PBXFrameworksBuildPhase section */

/* Begin PBXGroup section */
		5B224E9B171FD451006BFFE2 /* examples */ = {
			isa = PBXGroup;
			children = (
				5B224E9C171FD46F006BFFE2 /* example01.cpp */,
			);
			path = examples;
			sourceTree = "<group>";
		};
		5B224EAC171FD6C4006BFFE2 /* raytracer */ = {
			isa = PBXGroup;
			children = (
				5B580645174E4FBB008A3AB9 /* VC-CG_test_raytracer_task3.tga */,
				5B58F80A174E4EE3008A3AB9 /* BoundingBox.cpp */,
				5B58F80B174E4EE3008A3AB9 /* BoundingBox.hpp */,
				5B58F80C174E4EE3008A3AB9 /* BVHIndexedTriangleMesh.cpp */,
				5B58F80D174E4EE3008A3AB9 /* BVHIndexedTriangleMesh.hpp */,
				5B58F80E174E4EE3008A3AB9 /* BVTree.cpp */,
				5B58F80F174E4EE3008A3AB9 /* BVTree.hpp */,
				5B58F810174E4EE3008A3AB9 /* IndexedTriangleIO.cpp */,
				5B58F811174E4EE3008A3AB9 /* IndexedTriangleIO.hpp */,
				5B58F812174E4EE3008A3AB9 /* IndexedTriangleMesh.cpp */,
				5B58F813174E4EE3008A3AB9 /* IndexedTriangleMesh.hpp */,
				5B58F814174E4EE3008A3AB9 /* PhongMaterial.cpp */,
				5B58F815174E4EE3008A3AB9 /* PhongMaterial.hpp */,
				5B58F816174E4EE3008A3AB9 /* VC-CG_test_raytracer_task3.cpp */,
				5B224ED9171FDDD5006BFFE2 /* VC-CG_test_raytracer_task2.tga */,
				5B3A654A1732A10100FD1E12 /* BezierPatchMesh.cpp */,
				5B3A654B1732A10100FD1E12 /* BezierPatchMesh.hpp */,
				5B3A654C1732A10100FD1E12 /* CheckerMaterial.cpp */,
				5B3A654D1732A10100FD1E12 /* CheckerMaterial.hpp */,
				5B3A654E1732A10100FD1E12 /* CMakeLists.txt */,
				5B3A654F1732A10100FD1E12 /* DiffuseMaterial.cpp */,
				5B3A65501732A10100FD1E12 /* DiffuseMaterial.hpp */,
				5B3A65511732A10100FD1E12 /* Intersection.hpp */,
				5B3A65521732A10100FD1E12 /* TriangleMesh.cpp */,
				5B3A65531732A10200FD1E12 /* TriangleMesh.hpp */,
				5B3A65541732A10200FD1E12 /* VC-CG_test_raytracer_task2.cpp */,
				5B224ED5171FD8BD006BFFE2 /* Timer.cpp */,
				5B224ED6171FD8BD006BFFE2 /* Timer.hpp */,
				5B224EAD171FD745006BFFE2 /* Camera.cpp */,
				5B224EAE171FD745006BFFE2 /* Camera.hpp */,
				5B224EAF171FD745006BFFE2 /* ConstantMaterial.cpp */,
				5B224EB0171FD745006BFFE2 /* ConstantMaterial.hpp */,
				5B224EB1171FD745006BFFE2 /* Image.cpp */,
				5B224EB2171FD745006BFFE2 /* Image.hpp */,
				5B224EB3171FD745006BFFE2 /* Light.cpp */,
				5B224EB4171FD745006BFFE2 /* Light.hpp */,
				5B224EB5171FD745006BFFE2 /* Material.hpp */,
				5B224EB6171FD745006BFFE2 /* Math.hpp */,
				5B224EB7171FD745006BFFE2 /* Matrix.hpp */,
				5B224EB8171FD745006BFFE2 /* PerspectiveCamera.cpp */,
				5B224EB9171FD745006BFFE2 /* PerspectiveCamera.hpp */,
				5B224EBA171FD745006BFFE2 /* Plane.cpp */,
				5B224EBB171FD745006BFFE2 /* Plane.hpp */,
				5B224EBC171FD745006BFFE2 /* Ray.hpp */,
				5B224EBD171FD745006BFFE2 /* Raytracer.cpp */,
				5B224EBE171FD745006BFFE2 /* Raytracer.hpp */,
				5B224EBF171FD745006BFFE2 /* Renderable.cpp */,
				5B224EC0171FD745006BFFE2 /* Renderable.hpp */,
				5B224EC1171FD745006BFFE2 /* Scene.cpp */,
				5B224EC2171FD745006BFFE2 /* Scene.hpp */,
				5B224EC3171FD745006BFFE2 /* Sphere.cpp */,
				5B224EC4171FD745006BFFE2 /* Sphere.hpp */,
				5B224EC5171FD745006BFFE2 /* Triangle.cpp */,
				5B224EC6171FD745006BFFE2 /* Triangle.hpp */,
				5B224EC7171FD745006BFFE2 /* VC-CG_test_raytracer_task1.cpp */,
				5B224EC8171FD745006BFFE2 /* Vector.hpp */,
			);
			path = raytracer;
			sourceTree = "<group>";
		};
		5B8032D617170DD600638E8C = {
			isa = PBXGroup;
			children = (
				5B224EAC171FD6C4006BFFE2 /* raytracer */,
				5B224E9B171FD451006BFFE2 /* examples */,
				5BF59AB91718458000682E2C /* memoryfun */,
				5B8032EE17170DFC00638E8C /* hellogl */,
				5B8032EB17170DDF00638E8C /* helloworld */,
				5B8032E017170DD600638E8C /* Products */,
				5B80330D17170E7600638E8C /* OpenGL.framework */,
				5B80330F17170E7C00638E8C /* GLUT.framework */,
			);
			sourceTree = "<group>";
		};
		5B8032E017170DD600638E8C /* Products */ = {
			isa = PBXGroup;
			children = (
				5B8032F517170E2600638E8C /* helloworld */,
				5B80330317170E5400638E8C /* hellogl */,
				5BF59AB01718454B00682E2C /* memoryfun */,
				5B224E92171FD421006BFFE2 /* example01 */,
				5B224EA3171FD6AF006BFFE2 /* raytracer */,
			);
			name = Products;
			sourceTree = "<group>";
		};
		5B8032EB17170DDF00638E8C /* helloworld */ = {
			isa = PBXGroup;
			children = (
				5B8032EC17170DF000638E8C /* helloworld.cpp */,
			);
			path = helloworld;
			sourceTree = "<group>";
		};
		5B8032EE17170DFC00638E8C /* hellogl */ = {
			isa = PBXGroup;
			children = (
				5B8032EF17170E1100638E8C /* hellogl.cpp */,
			);
			path = hellogl;
			sourceTree = "<group>";
		};
		5BF59AB91718458000682E2C /* memoryfun */ = {
			isa = PBXGroup;
			children = (
				5BF59ABA171845A000682E2C /* MemoryFun.cpp */,
			);
			path = memoryfun;
			sourceTree = "<group>";
		};
/* End PBXGroup section */

/* Begin PBXNativeTarget section */
		5B224E91171FD421006BFFE2 /* example01 */ = {
			isa = PBXNativeTarget;
			buildConfigurationList = 5B224E9A171FD421006BFFE2 /* Build configuration list for PBXNativeTarget "example01" */;
			buildPhases = (
				5B224E8E171FD421006BFFE2 /* Sources */,
				5B224E8F171FD421006BFFE2 /* Frameworks */,
				5B224E90171FD421006BFFE2 /* CopyFiles */,
			);
			buildRules = (
			);
			dependencies = (
			);
			name = example01;
			productName = example01;
			productReference = 5B224E92171FD421006BFFE2 /* example01 */;
			productType = "com.apple.product-type.tool";
		};
		5B224EA2171FD6AF006BFFE2 /* raytracer */ = {
			isa = PBXNativeTarget;
			buildConfigurationList = 5B224EAB171FD6AF006BFFE2 /* Build configuration list for PBXNativeTarget "raytracer" */;
			buildPhases = (
				5B224E9F171FD6AF006BFFE2 /* Sources */,
				5B224EA0171FD6AF006BFFE2 /* Frameworks */,
				5B224EA1171FD6AF006BFFE2 /* CopyFiles */,
			);
			buildRules = (
			);
			dependencies = (
			);
			name = raytracer;
			productName = raytracer;
			productReference = 5B224EA3171FD6AF006BFFE2 /* raytracer */;
			productType = "com.apple.product-type.tool";
		};
		5B8032F417170E2600638E8C /* helloworld */ = {
			isa = PBXNativeTarget;
			buildConfigurationList = 5B8032FB17170E2600638E8C /* Build configuration list for PBXNativeTarget "helloworld" */;
			buildPhases = (
				5B8032F117170E2600638E8C /* Sources */,
				5B8032F217170E2600638E8C /* Frameworks */,
				5B8032F317170E2600638E8C /* CopyFiles */,
			);
			buildRules = (
			);
			dependencies = (
			);
			name = helloworld;
			productName = helloworld;
			productReference = 5B8032F517170E2600638E8C /* helloworld */;
			productType = "com.apple.product-type.tool";
		};
		5B80330217170E5400638E8C /* hellogl */ = {
			isa = PBXNativeTarget;
			buildConfigurationList = 5B80330917170E5400638E8C /* Build configuration list for PBXNativeTarget "hellogl" */;
			buildPhases = (
				5B8032FF17170E5400638E8C /* Sources */,
				5B80330017170E5400638E8C /* Frameworks */,
				5B80330117170E5400638E8C /* CopyFiles */,
			);
			buildRules = (
			);
			dependencies = (
			);
			name = hellogl;
			productName = hellogl;
			productReference = 5B80330317170E5400638E8C /* hellogl */;
			productType = "com.apple.product-type.tool";
		};
		5BF59AAF1718454B00682E2C /* memoryfun */ = {
			isa = PBXNativeTarget;
			buildConfigurationList = 5BF59AB81718454B00682E2C /* Build configuration list for PBXNativeTarget "memoryfun" */;
			buildPhases = (
				5BF59AAC1718454B00682E2C /* Sources */,
				5BF59AAD1718454B00682E2C /* Frameworks */,
				5BF59AAE1718454B00682E2C /* CopyFiles */,
			);
			buildRules = (
			);
			dependencies = (
			);
			name = memoryfun;
			productName = memoryfun;
			productReference = 5BF59AB01718454B00682E2C /* memoryfun */;
			productType = "com.apple.product-type.tool";
		};
/* End PBXNativeTarget section */

/* Begin PBXProject section */
		5B8032D717170DD600638E8C /* Project object */ = {
			isa = PBXProject;
			attributes = {
				LastUpgradeCheck = 0460;
				ORGANIZATIONNAME = "Martin Knoll";
			};
			buildConfigurationList = 5B8032DA17170DD600638E8C /* Build configuration list for PBXProject "cg" */;
			compatibilityVersion = "Xcode 3.2";
			developmentRegion = English;
			hasScannedForEncodings = 0;
			knownRegions = (
				en,
			);
			mainGroup = 5B8032D617170DD600638E8C;
			productRefGroup = 5B8032E017170DD600638E8C /* Products */;
			projectDirPath = "";
			projectRoot = "";
			targets = (
				5B8032F417170E2600638E8C /* helloworld */,
				5B80330217170E5400638E8C /* hellogl */,
				5BF59AAF1718454B00682E2C /* memoryfun */,
				5B224E91171FD421006BFFE2 /* example01 */,
				5B224EA2171FD6AF006BFFE2 /* raytracer */,
			);
		};
/* End PBXProject section */

/* Begin PBXSourcesBuildPhase section */
		5B224E8E171FD421006BFFE2 /* Sources */ = {
			isa = PBXSourcesBuildPhase;
			buildActionMask = 2147483647;
			files = (
				5B224E9E171FD47E006BFFE2 /* example01.cpp in Sources */,
			);
			runOnlyForDeploymentPostprocessing = 0;
		};
		5B224E9F171FD6AF006BFFE2 /* Sources */ = {
			isa = PBXSourcesBuildPhase;
			buildActionMask = 2147483647;
			files = (
				5B224EC9171FD745006BFFE2 /* Camera.cpp in Sources */,
				5B224ECA171FD745006BFFE2 /* ConstantMaterial.cpp in Sources */,
				5B224ECB171FD745006BFFE2 /* Image.cpp in Sources */,
				5B224ECC171FD745006BFFE2 /* Light.cpp in Sources */,
				5B224ECD171FD745006BFFE2 /* PerspectiveCamera.cpp in Sources */,
				5B224ECE171FD745006BFFE2 /* Plane.cpp in Sources */,
				5B224ECF171FD745006BFFE2 /* Raytracer.cpp in Sources */,
				5B224ED0171FD745006BFFE2 /* Renderable.cpp in Sources */,
				5B224ED1171FD745006BFFE2 /* Scene.cpp in Sources */,
				5B224ED2171FD745006BFFE2 /* Sphere.cpp in Sources */,
				5B224ED3171FD745006BFFE2 /* Triangle.cpp in Sources */,
				5B224ED7171FD8BD006BFFE2 /* Timer.cpp in Sources */,
				5B3A65551732A10200FD1E12 /* BezierPatchMesh.cpp in Sources */,
				5B3A65561732A10200FD1E12 /* CheckerMaterial.cpp in Sources */,
				5B3A65571732A10200FD1E12 /* DiffuseMaterial.cpp in Sources */,
				5B3A65581732A10200FD1E12 /* TriangleMesh.cpp in Sources */,
				5B58F817174E4EE3008A3AB9 /* BoundingBox.cpp in Sources */,
				5B58F818174E4EE3008A3AB9 /* BVHIndexedTriangleMesh.cpp in Sources */,
				5B58F819174E4EE3008A3AB9 /* BVTree.cpp in Sources */,
				5B58F81A174E4EE3008A3AB9 /* IndexedTriangleIO.cpp in Sources */,
				5B58F81B174E4EE3008A3AB9 /* IndexedTriangleMesh.cpp in Sources */,
				5B58F81C174E4EE3008A3AB9 /* PhongMaterial.cpp in Sources */,
				5B58F81D174E4EE3008A3AB9 /* VC-CG_test_raytracer_task3.cpp in Sources */,
			);
			runOnlyForDeploymentPostprocessing = 0;
		};
		5B8032F117170E2600638E8C /* Sources */ = {
			isa = PBXSourcesBuildPhase;
			buildActionMask = 2147483647;
			files = (
				5B8032FE17170E3D00638E8C /* helloworld.cpp in Sources */,
				5B224E9D171FD46F006BFFE2 /* example01.cpp in Sources */,
			);
			runOnlyForDeploymentPostprocessing = 0;
		};
		5B8032FF17170E5400638E8C /* Sources */ = {
			isa = PBXSourcesBuildPhase;
			buildActionMask = 2147483647;
			files = (
				5B80330C17170E6200638E8C /* hellogl.cpp in Sources */,
			);
			runOnlyForDeploymentPostprocessing = 0;
		};
		5BF59AAC1718454B00682E2C /* Sources */ = {
			isa = PBXSourcesBuildPhase;
			buildActionMask = 2147483647;
			files = (
				5BF59ABD171845A000682E2C /* MemoryFun.cpp in Sources */,
				5B224ED8171FD8EF006BFFE2 /* Timer.cpp in Sources */,
			);
			runOnlyForDeploymentPostprocessing = 0;
		};
/* End PBXSourcesBuildPhase section */

/* Begin XCBuildConfiguration section */
		5B224E98171FD421006BFFE2 /* Debug */ = {
			isa = XCBuildConfiguration;
			buildSettings = {
				PRODUCT_NAME = "$(TARGET_NAME)";
			};
			name = Debug;
		};
		5B224E99171FD421006BFFE2 /* Release */ = {
			isa = XCBuildConfiguration;
			buildSettings = {
				PRODUCT_NAME = "$(TARGET_NAME)";
			};
			name = Release;
		};
		5B224EA9171FD6AF006BFFE2 /* Debug */ = {
			isa = XCBuildConfiguration;
			buildSettings = {
				PRODUCT_NAME = "$(TARGET_NAME)";
			};
			name = Debug;
		};
		5B224EAA171FD6AF006BFFE2 /* Release */ = {
			isa = XCBuildConfiguration;
			buildSettings = {
				PRODUCT_NAME = "$(TARGET_NAME)";
			};
			name = Release;
		};
		5B8032E617170DD600638E8C /* Debug */ = {
			isa = XCBuildConfiguration;
			buildSettings = {
				ALWAYS_SEARCH_USER_PATHS = NO;
				ARCHS = "$(ARCHS_STANDARD_64_BIT)";
				CLANG_CXX_LANGUAGE_STANDARD = "gnu++0x";
				CLANG_CXX_LIBRARY = "libc++";
				CLANG_ENABLE_OBJC_ARC = YES;
				CLANG_WARN_CONSTANT_CONVERSION = YES;
				CLANG_WARN_EMPTY_BODY = YES;
				CLANG_WARN_ENUM_CONVERSION = YES;
				CLANG_WARN_INT_CONVERSION = YES;
				CLANG_WARN__DUPLICATE_METHOD_MATCH = YES;
				COPY_PHASE_STRIP = NO;
				GCC_C_LANGUAGE_STANDARD = gnu99;
				GCC_DYNAMIC_NO_PIC = NO;
				GCC_ENABLE_OBJC_EXCEPTIONS = YES;
				GCC_OPTIMIZATION_LEVEL = 0;
				GCC_PREPROCESSOR_DEFINITIONS = (
					"DEBUG=1",
					"$(inherited)",
				);
				GCC_SYMBOLS_PRIVATE_EXTERN = NO;
				GCC_WARN_64_TO_32_BIT_CONVERSION = YES;
				GCC_WARN_ABOUT_RETURN_TYPE = YES;
				GCC_WARN_UNINITIALIZED_AUTOS = YES;
				GCC_WARN_UNUSED_VARIABLE = YES;
				MACOSX_DEPLOYMENT_TARGET = 10.8;
				ONLY_ACTIVE_ARCH = YES;
				SDKROOT = macosx;
			};
			name = Debug;
		};
		5B8032E717170DD600638E8C /* Release */ = {
			isa = XCBuildConfiguration;
			buildSettings = {
				ALWAYS_SEARCH_USER_PATHS = NO;
				ARCHS = "$(ARCHS_STANDARD_64_BIT)";
				CLANG_CXX_LANGUAGE_STANDARD = "gnu++0x";
				CLANG_CXX_LIBRARY = "libc++";
				CLANG_ENABLE_OBJC_ARC = YES;
				CLANG_WARN_CONSTANT_CONVERSION = YES;
				CLANG_WARN_EMPTY_BODY = YES;
				CLANG_WARN_ENUM_CONVERSION = YES;
				CLANG_WARN_INT_CONVERSION = YES;
				CLANG_WARN__DUPLICATE_METHOD_MATCH = YES;
				COPY_PHASE_STRIP = YES;
				DEBUG_INFORMATION_FORMAT = "dwarf-with-dsym";
				GCC_C_LANGUAGE_STANDARD = gnu99;
				GCC_ENABLE_OBJC_EXCEPTIONS = YES;
				GCC_WARN_64_TO_32_BIT_CONVERSION = YES;
				GCC_WARN_ABOUT_RETURN_TYPE = YES;
				GCC_WARN_UNINITIALIZED_AUTOS = YES;
				GCC_WARN_UNUSED_VARIABLE = YES;
				MACOSX_DEPLOYMENT_TARGET = 10.8;
				SDKROOT = macosx;
			};
			name = Release;
		};
		5B8032FC17170E2600638E8C /* Debug */ = {
			isa = XCBuildConfiguration;
			buildSettings = {
				PRODUCT_NAME = "$(TARGET_NAME)";
			};
			name = Debug;
		};
		5B8032FD17170E2600638E8C /* Release */ = {
			isa = XCBuildConfiguration;
			buildSettings = {
				PRODUCT_NAME = "$(TARGET_NAME)";
			};
			name = Release;
		};
		5B80330A17170E5400638E8C /* Debug */ = {
			isa = XCBuildConfiguration;
			buildSettings = {
				PRODUCT_NAME = "$(TARGET_NAME)";
			};
			name = Debug;
		};
		5B80330B17170E5400638E8C /* Release */ = {
			isa = XCBuildConfiguration;
			buildSettings = {
				PRODUCT_NAME = "$(TARGET_NAME)";
			};
			name = Release;
		};
		5BF59AB61718454B00682E2C /* Debug */ = {
			isa = XCBuildConfiguration;
			buildSettings = {
				PRODUCT_NAME = "$(TARGET_NAME)";
			};
			name = Debug;
		};
		5BF59AB71718454B00682E2C /* Release */ = {
			isa = XCBuildConfiguration;
			buildSettings = {
				PRODUCT_NAME = "$(TARGET_NAME)";
			};
			name = Release;
		};
/* End XCBuildConfiguration section */

/* Begin XCConfigurationList section */
		5B224E9A171FD421006BFFE2 /* Build configuration list for PBXNativeTarget "example01" */ = {
			isa = XCConfigurationList;
			buildConfigurations = (
				5B224E98171FD421006BFFE2 /* Debug */,
				5B224E99171FD421006BFFE2 /* Release */,
			);
			defaultConfigurationIsVisible = 0;
			defaultConfigurationName = Release;
		};
		5B224EAB171FD6AF006BFFE2 /* Build configuration list for PBXNativeTarget "raytracer" */ = {
			isa = XCConfigurationList;
			buildConfigurations = (
				5B224EA9171FD6AF006BFFE2 /* Debug */,
				5B224EAA171FD6AF006BFFE2 /* Release */,
			);
			defaultConfigurationIsVisible = 0;
			defaultConfigurationName = Release;
		};
		5B8032DA17170DD600638E8C /* Build configuration list for PBXProject "cg" */ = {
			isa = XCConfigurationList;
			buildConfigurations = (
				5B8032E617170DD600638E8C /* Debug */,
				5B8032E717170DD600638E8C /* Release */,
			);
			defaultConfigurationIsVisible = 0;
			defaultConfigurationName = Release;
		};
		5B8032FB17170E2600638E8C /* Build configuration list for PBXNativeTarget "helloworld" */ = {
			isa = XCConfigurationList;
			buildConfigurations = (
				5B8032FC17170E2600638E8C /* Debug */,
				5B8032FD17170E2600638E8C /* Release */,
			);
			defaultConfigurationIsVisible = 0;
			defaultConfigurationName = Release;
		};
		5B80330917170E5400638E8C /* Build configuration list for PBXNativeTarget "hellogl" */ = {
			isa = XCConfigurationList;
			buildConfigurations = (
				5B80330A17170E5400638E8C /* Debug */,
				5B80330B17170E5400638E8C /* Release */,
			);
			defaultConfigurationIsVisible = 0;
			defaultConfigurationName = Release;
		};
		5BF59AB81718454B00682E2C /* Build configuration list for PBXNativeTarget "memoryfun" */ = {
			isa = XCConfigurationList;
			buildConfigurations = (
				5BF59AB61718454B00682E2C /* Debug */,
				5BF59AB71718454B00682E2C /* Release */,
			);
			defaultConfigurationIsVisible = 0;
			defaultConfigurationName = Release;
		};
/* End XCConfigurationList section */
	};
	rootObject = 5B8032D717170DD600638E8C /* Project object */;
}
